
Microsoft Visual Studio Solution File, Format Version 12.00
# Visual Studio Version 16
VisualStudioVersion = 16.0.29215.179
MinimumVisualStudioVersion = 10.0.40219.1
Project("{FAE04EC0-301F-11D3-BF4B-00C04F79EFBC}") = "Demonstration Programs", "Demonstration Programs\Demonstration Programs.csproj", "{E0628702-A554-4732-B19F-9C99DF199161}"
EndProject
Global
	GlobalSection(SolutionConfigurationPlatforms) = preSolution
		Debug|Any CPU = Debug|Any CPU
		Release|Any CPU = Release|Any CPU
	EndGlobalSection
	GlobalSection(ProjectConfigurationPlatforms) = postSolution
		{E0628702-A554-4732-B19F-9C99DF199161}.Debug|Any CPU.ActiveCfg = Debug|Any CPU
		{E0628702-A554-4732-B19F-9C99DF199161}.Debug|Any CPU.Build.0 = Debug|Any CPU
		{E0628702-A554-4732-B19F-9C99DF199161}.Release|Any CPU.ActiveCfg = Release|Any CPU
		{E0628702-A554-4732-B19F-9C99DF199161}.Release|Any CPU.Build.0 = Release|Any CPU
	EndGlobalSection
	GlobalSection(SolutionProperties) = preSolution
		HideSolutionNode = FALSE
	EndGlobalSection
	GlobalSection(ExtensibilityGlobals) = postSolution
		SolutionGuid = {2C7F2E77-C0E8-4AB6-805A-9A076B195A77}
	EndGlobalSection
EndGlobal
